
Microsoft Visual Studio Solution File, Format Version 12.00
# Visual Studio Version 16
VisualStudioVersion = 16.0.30523.141
MinimumVisualStudioVersion = 10.0.40219.1
Project("{FAE04EC0-301F-11D3-BF4B-00C04F79EFBC}") = "GraphDemo", "GraphDemo\GraphDemo.csproj", "{D6CAD60E-6144-42DE-9D41-547797AD66B4}"
EndProject
Project("{FAE04EC0-301F-11D3-BF4B-00C04F79EFBC}") = "BlobReader", "BlobReader\BlobReader.csproj", "{8B03962D-752C-44C3-B7CC-AE2F67A5604A}"
EndProject
Global
	GlobalSection(SolutionConfigurationPlatforms) = preSolution
		Debug|Any CPU = Debug|Any CPU
		Release|Any CPU = Release|Any CPU
	EndGlobalSection
	GlobalSection(ProjectConfigurationPlatforms) = postSolution
		{D6CAD60E-6144-42DE-9D41-547797AD66B4}.Debug|Any CPU.ActiveCfg = Debug|Any CPU
		{D6CAD60E-6144-42DE-9D41-547797AD66B4}.Debug|Any CPU.Build.0 = Debug|Any CPU
		{D6CAD60E-6144-42DE-9D41-547797AD66B4}.Release|Any CPU.ActiveCfg = Release|Any CPU
		{D6CAD60E-6144-42DE-9D41-547797AD66B4}.Release|Any CPU.Build.0 = Release|Any CPU
		{8B03962D-752C-44C3-B7CC-AE2F67A5604A}.Debug|Any CPU.ActiveCfg = Debug|Any CPU
		{8B03962D-752C-44C3-B7CC-AE2F67A5604A}.Debug|Any CPU.Build.0 = Debug|Any CPU
		{8B03962D-752C-44C3-B7CC-AE2F67A5604A}.Release|Any CPU.ActiveCfg = Release|Any CPU
		{8B03962D-752C-44C3-B7CC-AE2F67A5604A}.Release|Any CPU.Build.0 = Release|Any CPU
	EndGlobalSection
	GlobalSection(SolutionProperties) = preSolution
		HideSolutionNode = FALSE
	EndGlobalSection
	GlobalSection(ExtensibilityGlobals) = postSolution
		SolutionGuid = {42E157B5-574D-4173-8712-C4C5F5F926FB}
	EndGlobalSection
EndGlobal
